
Microsoft Visual Studio Solution File, Format Version 12.00
# Visual Studio Version 16
VisualStudioVersion = 16.0.29215.179
MinimumVisualStudioVersion = 10.0.40219.1
Project("{FAE04EC0-301F-11D3-BF4B-00C04F79EFBC}") = "Chapter06TryOut03", "Chapter06TryOut03.csproj", "{9403936B-BC77-4FD3-8CB2-E7D9F1C2B832}"
EndProject
Global
	GlobalSection(SolutionConfigurationPlatforms) = preSolution
		Debug|Any CPU = Debug|Any CPU
		Release|Any CPU = Release|Any CPU
	EndGlobalSection
	GlobalSection(ProjectConfigurationPlatforms) = postSolution
		{9403936B-BC77-4FD3-8CB2-E7D9F1C2B832}.Debug|Any CPU.ActiveCfg = Debug|Any CPU
		{9403936B-BC77-4FD3-8CB2-E7D9F1C2B832}.Debug|Any CPU.Build.0 = Debug|Any CPU
		{9403936B-BC77-4FD3-8CB2-E7D9F1C2B832}.Release|Any CPU.ActiveCfg = Release|Any CPU
		{9403936B-BC77-4FD3-8CB2-E7D9F1C2B832}.Release|Any CPU.Build.0 = Release|Any CPU
	EndGlobalSection
	GlobalSection(SolutionProperties) = preSolution
		HideSolutionNode = FALSE
	EndGlobalSection
	GlobalSection(ExtensibilityGlobals) = postSolution
		SolutionGuid = {643F748B-1F2F-45E7-BE99-2F69F8112201}
	EndGlobalSection
EndGlobal
