
Microsoft Visual Studio Solution File, Format Version 12.00
# Visual Studio Version 16
VisualStudioVersion = 16.0.29215.179
MinimumVisualStudioVersion = 10.0.40219.1
Project("{FAE04EC0-301F-11D3-BF4B-00C04F79EFBC}") = "Chapter06TryOut02", "Chapter06TryOut02.csproj", "{22A0BABA-F554-4282-A647-DCFC9E427B94}"
EndProject
Global
	GlobalSection(SolutionConfigurationPlatforms) = preSolution
		Debug|Any CPU = Debug|Any CPU
		Release|Any CPU = Release|Any CPU
	EndGlobalSection
	GlobalSection(ProjectConfigurationPlatforms) = postSolution
		{22A0BABA-F554-4282-A647-DCFC9E427B94}.Debug|Any CPU.ActiveCfg = Debug|Any CPU
		{22A0BABA-F554-4282-A647-DCFC9E427B94}.Debug|Any CPU.Build.0 = Debug|Any CPU
		{22A0BABA-F554-4282-A647-DCFC9E427B94}.Release|Any CPU.ActiveCfg = Release|Any CPU
		{22A0BABA-F554-4282-A647-DCFC9E427B94}.Release|Any CPU.Build.0 = Release|Any CPU
	EndGlobalSection
	GlobalSection(SolutionProperties) = preSolution
		HideSolutionNode = FALSE
	EndGlobalSection
	GlobalSection(ExtensibilityGlobals) = postSolution
		SolutionGuid = {E10595C1-1AD7-4121-AE77-632DA96D06C1}
	EndGlobalSection
EndGlobal
